<Solution>
  <Folder Name="/bench/">
    <Project Path="bench/Fetchline.Benchmarks/Fetchline.Benchmarks.csproj" />
  </Folder>
  <Folder Name="/src/">
    <Project Path="src/Fetchline.Cli/Fetchline.Cli.csproj" />
    <Project Path="src/Fetchline.Core/Fetchline.Core.csproj" />
  </Folder>
  <Folder Name="/tests/">
    <Project Path="tests/Fetchline.Conformance/Fetchline.Conformance.csproj" />
    <Project Path="tests/Fetchline.Tests/Fetchline.Tests.csproj" />
  </Folder>
</Solution>
